
Microsoft Visual Studio Solution File, Format Version 12.00
# Visual Studio Version 17
VisualStudioVersion = 17.9.34728.123
MinimumVisualStudioVersion = 10.0.40219.1
Project("{9092AA53-FB77-4645-B42D-1CCCA6BD08BD}") = "PayPal-Crypto-Payment", "PayPal-Crypto-Payment\DiscordCryptoPayment.csproj", "{51975EB6-ED22-405F-9F2B-164F732BC86F}"
EndProject
Project("{FAE04EC0-301F-11D3-BF4B-00C04F79EFBC}") = "Form1", "PayPal-Crypto-Payment\Form11\Form1.csproj", "{590ED63D-6690-4D70-B101-D1AE3D4C2A20}"
EndProject
Global
	GlobalSection(SolutionConfigurationPlatforms) = preSolution
		Debug|Any CPU = Debug|Any CPU
		Release|Any CPU = Release|Any CPU
	EndGlobalSection
	GlobalSection(ProjectConfigurationPlatforms) = postSolution
		{51975EB6-ED22-405F-9F2B-164F732BC86F}.Debug|Any CPU.ActiveCfg = Debug|Any CPU
		{51975EB6-ED22-405F-9F2B-164F732BC86F}.Debug|Any CPU.Build.0 = Debug|Any CPU
		{51975EB6-ED22-405F-9F2B-164F732BC86F}.Release|Any CPU.ActiveCfg = Release|Any CPU
		{51975EB6-ED22-405F-9F2B-164F732BC86F}.Release|Any CPU.Build.0 = Release|Any CPU
		{590ED63D-6690-4D70-B101-D1AE3D4C2A20}.Debug|Any CPU.ActiveCfg = Debug|Any CPU
		{590ED63D-6690-4D70-B101-D1AE3D4C2A20}.Debug|Any CPU.Build.0 = Debug|Any CPU
		{590ED63D-6690-4D70-B101-D1AE3D4C2A20}.Release|Any CPU.ActiveCfg = Release|Any CPU
		{590ED63D-6690-4D70-B101-D1AE3D4C2A20}.Release|Any CPU.Build.0 = Release|Any CPU
	EndGlobalSection
	GlobalSection(SolutionProperties) = preSolution
		HideSolutionNode = FALSE
	EndGlobalSection
	GlobalSection(ExtensibilityGlobals) = postSolution
		SolutionGuid = {85A605BA-72BA-40AC-BC4E-3347D73F9AF0}
	EndGlobalSection
EndGlobal
